
Microsoft Visual Studio Solution File, Format Version 12.00
# Visual Studio Version 17
VisualStudioVersion = 17.7.34221.43
MinimumVisualStudioVersion = 10.0.40219.1
Project("{9A19103F-16F7-4668-BE54-9A1E7A4F7556}") = "TestRating", "TestRating\TestRating.csproj", "{CAFDB569-17E8-451D-8CCF-0965CCC2CC99}"
EndProject
Project("{FAE04EC0-301F-11D3-BF4B-00C04F79EFBC}") = "TestRating.nUnitTests", "TestRating.nUnitTests\TestRating.nUnitTests.csproj", "{B54CF333-4041-49B2-9916-78C5FE7CBBD7}"
EndProject
Global
	GlobalSection(SolutionConfigurationPlatforms) = preSolution
		Debug|Any CPU = Debug|Any CPU
		Release|Any CPU = Release|Any CPU
	EndGlobalSection
	GlobalSection(ProjectConfigurationPlatforms) = postSolution
		{CAFDB569-17E8-451D-8CCF-0965CCC2CC99}.Debug|Any CPU.ActiveCfg = Debug|Any CPU
		{CAFDB569-17E8-451D-8CCF-0965CCC2CC99}.Debug|Any CPU.Build.0 = Debug|Any CPU
		{CAFDB569-17E8-451D-8CCF-0965CCC2CC99}.Release|Any CPU.ActiveCfg = Release|Any CPU
		{CAFDB569-17E8-451D-8CCF-0965CCC2CC99}.Release|Any CPU.Build.0 = Release|Any CPU
		{B54CF333-4041-49B2-9916-78C5FE7CBBD7}.Debug|Any CPU.ActiveCfg = Debug|Any CPU
		{B54CF333-4041-49B2-9916-78C5FE7CBBD7}.Debug|Any CPU.Build.0 = Debug|Any CPU
		{B54CF333-4041-49B2-9916-78C5FE7CBBD7}.Release|Any CPU.ActiveCfg = Release|Any CPU
		{B54CF333-4041-49B2-9916-78C5FE7CBBD7}.Release|Any CPU.Build.0 = Release|Any CPU
	EndGlobalSection
	GlobalSection(SolutionProperties) = preSolution
		HideSolutionNode = FALSE
	EndGlobalSection
	GlobalSection(ExtensibilityGlobals) = postSolution
		SolutionGuid = {44853422-63D5-4D27-B2F3-54CB8015B5F0}
	EndGlobalSection
EndGlobal
